// !$*UTF8*$!
{
	archiveVersion = 1;
	classes = {
	};
	objectVersion = 55;
	objects = {

/* Begin PBXBuildFile section */
		360AE7EC277305C700B7B0AC /* AppDelegate.swift in Sources */ = {isa = PBXBuildFile; fileRef = 360AE7EB277305C700B7B0AC /* AppDelegate.swift */; };
		360AE7F0277305C700B7B0AC /* ViewController.swift in Sources */ = {isa = PBXBuildFile; fileRef = 360AE7EF277305C700B7B0AC /* ViewController.swift */; };
		360AE7F3277305C700B7B0AC /* Main.storyboard in Resources */ = {isa = PBXBuildFile; fileRef = 360AE7F1277305C700B7B0AC /* Main.storyboard */; };
		360AE7F6277305C700B7B0AC /* VisionDetection.xcdatamodeld in Sources */ = {isa = PBXBuildFile; fileRef = 360AE7F4277305C700B7B0AC /* VisionDetection.xcdatamodeld */; };
		360AE7F8277305CA00B7B0AC /* Assets.xcassets in Resources */ = {isa = PBXBuildFile; fileRef = 360AE7F7277305CA00B7B0AC /* Assets.xcassets */; };
		360AE7FB277305CA00B7B0AC /* LaunchScreen.storyboard in Resources */ = {isa = PBXBuildFile; fileRef = 360AE7F9277305CA00B7B0AC /* LaunchScreen.storyboard */; };
		360AE80527730C3200B7B0AC /* ImageFaceDetectionViewController.swift in Sources */ = {isa = PBXBuildFile; fileRef = 360AE80327730C3200B7B0AC /* ImageFaceDetectionViewController.swift */; };
		360AE80627730C3200B7B0AC /* ImageFaceDetectionViewController.xib in Resources */ = {isa = PBXBuildFile; fileRef = 360AE80427730C3200B7B0AC /* ImageFaceDetectionViewController.xib */; };
		360AE80927730C9800B7B0AC /* LiveFaceDetectionViewController.swift in Sources */ = {isa = PBXBuildFile; fileRef = 360AE80727730C9800B7B0AC /* LiveFaceDetectionViewController.swift */; };
		360AE80A27730C9800B7B0AC /* LiveFaceDetectionViewController.xib in Resources */ = {isa = PBXBuildFile; fileRef = 360AE80827730C9800B7B0AC /* LiveFaceDetectionViewController.xib */; };
/* End PBXBuildFile section */

/* Begin PBXFileReference section */
		360AE7E8277305C700B7B0AC /* VisionDetection.app */ = {isa = PBXFileReference; explicitFileType = wrapper.application; includeInIndex = 0; path = VisionDetection.app; sourceTree = BUILT_PRODUCTS_DIR; };
		360AE7EB277305C700B7B0AC /* AppDelegate.swift */ = {isa = PBXFileReference; lastKnownFileType = sourcecode.swift; path = AppDelegate.swift; sourceTree = "<group>"; };
		360AE7EF277305C700B7B0AC /* ViewController.swift */ = {isa = PBXFileReference; lastKnownFileType = sourcecode.swift; path = ViewController.swift; sourceTree = "<group>"; };
		360AE7F2277305C700B7B0AC /* Base */ = {isa = PBXFileReference; lastKnownFileType = file.storyboard; name = Base; path = Base.lproj/Main.storyboard; sourceTree = "<group>"; };
		360AE7F5277305C700B7B0AC /* VisionDetection.xcdatamodel */ = {isa = PBXFileReference; lastKnownFileType = wrapper.xcdatamodel; path = VisionDetection.xcdatamodel; sourceTree = "<group>"; };
		360AE7F7277305CA00B7B0AC /* Assets.xcassets */ = {isa = PBXFileReference; lastKnownFileType = folder.assetcatalog; path = Assets.xcassets; sourceTree = "<group>"; };
		360AE7FA277305CA00B7B0AC /* Base */ = {isa = PBXFileReference; lastKnownFileType = file.storyboard; name = Base; path = Base.lproj/LaunchScreen.storyboard; sourceTree = "<group>"; };
		360AE7FC277305CA00B7B0AC /* Info.plist */ = {isa = PBXFileReference; lastKnownFileType = text.plist.xml; path = Info.plist; sourceTree = "<group>"; };
		360AE80327730C3200B7B0AC /* ImageFaceDetectionViewController.swift */ = {isa = PBXFileReference; lastKnownFileType = sourcecode.swift; path = ImageFaceDetectionViewController.swift; sourceTree = "<group>"; };
		360AE80427730C3200B7B0AC /* ImageFaceDetectionViewController.xib */ = {isa = PBXFileReference; lastKnownFileType = file.xib; path = ImageFaceDetectionViewController.xib; sourceTree = "<group>"; };
		360AE80727730C9800B7B0AC /* LiveFaceDetectionViewController.swift */ = {isa = PBXFileReference; lastKnownFileType = sourcecode.swift; path = LiveFaceDetectionViewController.swift; sourceTree = "<group>"; };
		360AE80827730C9800B7B0AC /* LiveFaceDetectionViewController.xib */ = {isa = PBXFileReference; lastKnownFileType = file.xib; path = LiveFaceDetectionViewController.xib; sourceTree = "<group>"; };
/* End PBXFileReference section */

/* Begin PBXFrameworksBuildPhase section */
		360AE7E5277305C700B7B0AC /* Frameworks */ = {
			isa = PBXFrameworksBuildPhase;
			buildActionMask = 2147483647;
			files = (
			);
			runOnlyForDeploymentPostprocessing = 0;
		};
/* End PBXFrameworksBuildPhase section */

/* Begin PBXGroup section */
		360AE7DF277305C700B7B0AC = {
			isa = PBXGroup;
			children = (
				360AE7EA277305C700B7B0AC /* VisionDetection */,
				360AE7E9277305C700B7B0AC /* Products */,
			);
			sourceTree = "<group>";
		};
		360AE7E9277305C700B7B0AC /* Products */ = {
			isa = PBXGroup;
			children = (
				360AE7E8277305C700B7B0AC /* VisionDetection.app */,
			);
			name = Products;
			sourceTree = "<group>";
		};
		360AE7EA277305C700B7B0AC /* VisionDetection */ = {
			isa = PBXGroup;
			children = (
				360AE80227730C0100B7B0AC /* Services */,
				360AE7EB277305C700B7B0AC /* AppDelegate.swift */,
				360AE7EF277305C700B7B0AC /* ViewController.swift */,
				360AE7F1277305C700B7B0AC /* Main.storyboard */,
				360AE7F7277305CA00B7B0AC /* Assets.xcassets */,
				360AE7F9277305CA00B7B0AC /* LaunchScreen.storyboard */,
				360AE7FC277305CA00B7B0AC /* Info.plist */,
				360AE7F4277305C700B7B0AC /* VisionDetection.xcdatamodeld */,
			);
			path = VisionDetection;
			sourceTree = "<group>";
		};
		360AE80227730C0100B7B0AC /* Services */ = {
			isa = PBXGroup;
			children = (
				360AE80327730C3200B7B0AC /* ImageFaceDetectionViewController.swift */,
				360AE80427730C3200B7B0AC /* ImageFaceDetectionViewController.xib */,
				360AE80727730C9800B7B0AC /* LiveFaceDetectionViewController.swift */,
				360AE80827730C9800B7B0AC /* LiveFaceDetectionViewController.xib */,
			);
			path = Services;
			sourceTree = "<group>";
		};
/* End PBXGroup section */

/* Begin PBXNativeTarget section */
		360AE7E7277305C700B7B0AC /* VisionDetection */ = {
			isa = PBXNativeTarget;
			buildConfigurationList = 360AE7FF277305CA00B7B0AC /* Build configuration list for PBXNativeTarget "VisionDetection" */;
			buildPhases = (
				360AE7E4277305C700B7B0AC /* Sources */,
				360AE7E5277305C700B7B0AC /* Frameworks */,
				360AE7E6277305C700B7B0AC /* Resources */,
			);
			buildRules = (
			);
			dependencies = (
			);
			name = VisionDetection;
			productName = VisionDetection;
			productReference = 360AE7E8277305C700B7B0AC /* VisionDetection.app */;
			productType = "com.apple.product-type.application";
		};
/* End PBXNativeTarget section */

/* Begin PBXProject section */
		360AE7E0277305C700B7B0AC /* Project object */ = {
			isa = PBXProject;
			attributes = {
				BuildIndependentTargetsInParallel = 1;
				LastSwiftUpdateCheck = 1300;
				LastUpgradeCheck = 1300;
				TargetAttributes = {
					360AE7E7277305C700B7B0AC = {
						CreatedOnToolsVersion = 13.0;
					};
				};
			};
			buildConfigurationList = 360AE7E3277305C700B7B0AC /* Build configuration list for PBXProject "VisionDetection" */;
			compatibilityVersion = "Xcode 13.0";
			developmentRegion = en;
			hasScannedForEncodings = 0;
			knownRegions = (
				en,
				Base,
			);
			mainGroup = 360AE7DF277305C700B7B0AC;
			productRefGroup = 360AE7E9277305C700B7B0AC /* Products */;
			projectDirPath = "";
			projectRoot = "";
			targets = (
				360AE7E7277305C700B7B0AC /* VisionDetection */,
			);
		};
/* End PBXProject section */

/* Begin PBXResourcesBuildPhase section */
		360AE7E6277305C700B7B0AC /* Resources */ = {
			isa = PBXResourcesBuildPhase;
			buildActionMask = 2147483647;
			files = (
				360AE7FB277305CA00B7B0AC /* LaunchScreen.storyboard in Resources */,
				360AE80627730C3200B7B0AC /* ImageFaceDetectionViewController.xib in Resources */,
				360AE7F8277305CA00B7B0AC /* Assets.xcassets in Resources */,
				360AE7F3277305C700B7B0AC /* Main.storyboard in Resources */,
				360AE80A27730C9800B7B0AC /* LiveFaceDetectionViewController.xib in Resources */,
			);
			runOnlyForDeploymentPostprocessing = 0;
		};
/* End PBXResourcesBuildPhase section */

/* Begin PBXSourcesBuildPhase section */
		360AE7E4277305C700B7B0AC /* Sources */ = {
			isa = PBXSourcesBuildPhase;
			buildActionMask = 2147483647;
			files = (
				360AE7F0277305C700B7B0AC /* ViewController.swift in Sources */,
				360AE80527730C3200B7B0AC /* ImageFaceDetectionViewController.swift in Sources */,
				360AE80927730C9800B7B0AC /* LiveFaceDetectionViewController.swift in Sources */,
				360AE7EC277305C700B7B0AC /* AppDelegate.swift in Sources */,
				360AE7F6277305C700B7B0AC /* VisionDetection.xcdatamodeld in Sources */,
			);
			runOnlyForDeploymentPostprocessing = 0;
		};
/* End PBXSourcesBuildPhase section */

/* Begin PBXVariantGroup section */
		360AE7F1277305C700B7B0AC /* Main.storyboard */ = {
			isa = PBXVariantGroup;
			children = (
				360AE7F2277305C700B7B0AC /* Base */,
			);
			name = Main.storyboard;
			sourceTree = "<group>";
		};
		360AE7F9277305CA00B7B0AC /* LaunchScreen.storyboard */ = {
			isa = PBXVariantGroup;
			children = (
				360AE7FA277305CA00B7B0AC /* Base */,
			);
			name = LaunchScreen.storyboard;
			sourceTree = "<group>";
		};
/* End PBXVariantGroup section */

/* Begin XCBuildConfiguration section */
		360AE7FD277305CA00B7B0AC /* Debug */ = {
			isa = XCBuildConfiguration;
			buildSettings = {
				ALWAYS_SEARCH_USER_PATHS = NO;
				CLANG_ANALYZER_NONNULL = YES;
				CLANG_ANALYZER_NUMBER_OBJECT_CONVERSION = YES_AGGRESSIVE;
				CLANG_CXX_LANGUAGE_STANDARD = "gnu++17";
				CLANG_CXX_LIBRARY = "libc++";
				CLANG_ENABLE_MODULES = YES;
				CLANG_ENABLE_OBJC_ARC = YES;
				CLANG_ENABLE_OBJC_WEAK = YES;
				CLANG_WARN_BLOCK_CAPTURE_AUTORELEASING = YES;
				CLANG_WARN_BOOL_CONVERSION = YES;
				CLANG_WARN_COMMA = YES;
				CLANG_WARN_CONSTANT_CONVERSION = YES;
				CLANG_WARN_DEPRECATED_OBJC_IMPLEMENTATIONS = YES;
				CLANG_WARN_DIRECT_OBJC_ISA_USAGE = YES_ERROR;
				CLANG_WARN_DOCUMENTATION_COMMENTS = YES;
				CLANG_WARN_EMPTY_BODY = YES;
				CLANG_WARN_ENUM_CONVERSION = YES;
				CLANG_WARN_INFINITE_RECURSION = YES;
				CLANG_WARN_INT_CONVERSION = YES;
				CLANG_WARN_NON_LITERAL_NULL_CONVERSION = YES;
				CLANG_WARN_OBJC_IMPLICIT_RETAIN_SELF = YES;
				CLANG_WARN_OBJC_LITERAL_CONVERSION = YES;
				CLANG_WARN_OBJC_ROOT_CLASS = YES_ERROR;
				CLANG_WARN_QUOTED_INCLUDE_IN_FRAMEWORK_HEADER = YES;
				CLANG_WARN_RANGE_LOOP_ANALYSIS = YES;
				CLANG_WARN_STRICT_PROTOTYPES = YES;
				CLANG_WARN_SUSPICIOUS_MOVE = YES;
				CLANG_WARN_UNGUARDED_AVAILABILITY = YES_AGGRESSIVE;
				CLANG_WARN_UNREACHABLE_CODE = YES;
				CLANG_WARN__DUPLICATE_METHOD_MATCH = YES;
				COPY_PHASE_STRIP = NO;
				DEBUG_INFORMATION_FORMAT = dwarf;
				ENABLE_STRICT_OBJC_MSGSEND = YES;
				ENABLE_TESTABILITY = YES;
				GCC_C_LANGUAGE_STANDARD = gnu11;
				GCC_DYNAMIC_NO_PIC = NO;
				GCC_NO_COMMON_BLOCKS = YES;
				GCC_OPTIMIZATION_LEVEL = 0;
				GCC_PREPROCESSOR_DEFINITIONS = (
					"DEBUG=1",
					"$(inherited)",
				);
				GCC_WARN_64_TO_32_BIT_CONVERSION = YES;
				GCC_WARN_ABOUT_RETURN_TYPE = YES_ERROR;
				GCC_WARN_UNDECLARED_SELECTOR = YES;
				GCC_WARN_UNINITIALIZED_AUTOS = YES_AGGRESSIVE;
				GCC_WARN_UNUSED_FUNCTION = YES;
				GCC_WARN_UNUSED_VARIABLE = YES;
				IPHONEOS_DEPLOYMENT_TARGET = 15.0;
				MTL_ENABLE_DEBUG_INFO = INCLUDE_SOURCE;
				MTL_FAST_MATH = YES;
				ONLY_ACTIVE_ARCH = YES;
				SDKROOT = iphoneos;
				SWIFT_ACTIVE_COMPILATION_CONDITIONS = DEBUG;
				SWIFT_OPTIMIZATION_LEVEL = "-Onone";
			};
			name = Debug;
		};
		360AE7FE277305CA00B7B0AC /* Release */ = {
			isa = XCBuildConfiguration;
			buildSettings = {
				ALWAYS_SEARCH_USER_PATHS = NO;
				CLANG_ANALYZER_NONNULL = YES;
				CLANG_ANALYZER_NUMBER_OBJECT_CONVERSION = YES_AGGRESSIVE;
				CLANG_CXX_LANGUAGE_STANDARD = "gnu++17";
				CLANG_CXX_LIBRARY = "libc++";
				CLANG_ENABLE_MODULES = YES;
				CLANG_ENABLE_OBJC_ARC = YES;
				CLANG_ENABLE_OBJC_WEAK = YES;
				CLANG_WARN_BLOCK_CAPTURE_AUTORELEASING = YES;
				CLANG_WARN_BOOL_CONVERSION = YES;
				CLANG_WARN_COMMA = YES;
				CLANG_WARN_CONSTANT_CONVERSION = YES;
				CLANG_WARN_DEPRECATED_OBJC_IMPLEMENTATIONS = YES;
				CLANG_WARN_DIRECT_OBJC_ISA_USAGE = YES_ERROR;
				CLANG_WARN_DOCUMENTATION_COMMENTS = YES;
				CLANG_WARN_EMPTY_BODY = YES;
				CLANG_WARN_ENUM_CONVERSION = YES;
				CLANG_WARN_INFINITE_RECURSION = YES;
				CLANG_WARN_INT_CONVERSION = YES;
				CLANG_WARN_NON_LITERAL_NULL_CONVERSION = YES;
				CLANG_WARN_OBJC_IMPLICIT_RETAIN_SELF = YES;
				CLANG_WARN_OBJC_LITERAL_CONVERSION = YES;
				CLANG_WARN_OBJC_ROOT_CLASS = YES_ERROR;
				CLANG_WARN_QUOTED_INCLUDE_IN_FRAMEWORK_HEADER = YES;
				CLANG_WARN_RANGE_LOOP_ANALYSIS = YES;
				CLANG_WARN_STRICT_PROTOTYPES = YES;
				CLANG_WARN_SUSPICIOUS_MOVE = YES;
				CLANG_WARN_UNGUARDED_AVAILABILITY = YES_AGGRESSIVE;
				CLANG_WARN_UNREACHABLE_CODE = YES;
				CLANG_WARN__DUPLICATE_METHOD_MATCH = YES;
				COPY_PHASE_STRIP = NO;
				DEBUG_INFORMATION_FORMAT = "dwarf-with-dsym";
				ENABLE_NS_ASSERTIONS = NO;
				ENABLE_STRICT_OBJC_MSGSEND = YES;
				GCC_C_LANGUAGE_STANDARD = gnu11;
				GCC_NO_COMMON_BLOCKS = YES;
				GCC_WARN_64_TO_32_BIT_CONVERSION = YES;
				GCC_WARN_ABOUT_RETURN_TYPE = YES_ERROR;
				GCC_WARN_UNDECLARED_SELECTOR = YES;
				GCC_WARN_UNINITIALIZED_AUTOS = YES_AGGRESSIVE;
				GCC_WARN_UNUSED_FUNCTION = YES;
				GCC_WARN_UNUSED_VARIABLE = YES;
				IPHONEOS_DEPLOYMENT_TARGET = 15.0;
				MTL_ENABLE_DEBUG_INFO = NO;
				MTL_FAST_MATH = YES;
				SDKROOT = iphoneos;
				SWIFT_COMPILATION_MODE = wholemodule;
				SWIFT_OPTIMIZATION_LEVEL = "-O";
				VALIDATE_PRODUCT = YES;
			};
			name = Release;
		};
		360AE800277305CA00B7B0AC /* Debug */ = {
			isa = XCBuildConfiguration;
			buildSettings = {
				ASSETCATALOG_COMPILER_APPICON_NAME = AppIcon;
				ASSETCATALOG_COMPILER_GLOBAL_ACCENT_COLOR_NAME = AccentColor;
				CODE_SIGN_STYLE = Automatic;
				CURRENT_PROJECT_VERSION = 1;
				DEVELOPMENT_TEAM = QAT46LHJF5;
				GENERATE_INFOPLIST_FILE = YES;
				INFOPLIST_FILE = VisionDetection/Info.plist;
				INFOPLIST_KEY_UIApplicationSupportsIndirectInputEvents = YES;
				INFOPLIST_KEY_UILaunchStoryboardName = LaunchScreen;
				INFOPLIST_KEY_UIMainStoryboardFile = Main;
				INFOPLIST_KEY_UISupportedInterfaceOrientations_iPad = "UIInterfaceOrientationPortrait UIInterfaceOrientationPortraitUpsideDown UIInterfaceOrientationLandscapeLeft UIInterfaceOrientationLandscapeRight";
				INFOPLIST_KEY_UISupportedInterfaceOrientations_iPhone = "UIInterfaceOrientationPortrait UIInterfaceOrientationLandscapeLeft UIInterfaceOrientationLandscapeRight";
				LD_RUNPATH_SEARCH_PATHS = (
					"$(inherited)",
					"@executable_path/Frameworks",
				);
				MARKETING_VERSION = 1.0;
				PRODUCT_BUNDLE_IDENTIFIER = com.hongssup.VisionDetection;
				PRODUCT_NAME = "$(TARGET_NAME)";
				SWIFT_EMIT_LOC_STRINGS = YES;
				SWIFT_VERSION = 5.0;
				TARGETED_DEVICE_FAMILY = "1,2";
			};
			name = Debug;
		};
		360AE801277305CA00B7B0AC /* Release */ = {
			isa = XCBuildConfiguration;
			buildSettings = {
				ASSETCATALOG_COMPILER_APPICON_NAME = AppIcon;
				ASSETCATALOG_COMPILER_GLOBAL_ACCENT_COLOR_NAME = AccentColor;
				CODE_SIGN_STYLE = Automatic;
				CURRENT_PROJECT_VERSION = 1;
				DEVELOPMENT_TEAM = QAT46LHJF5;
				GENERATE_INFOPLIST_FILE = YES;
				INFOPLIST_FILE = VisionDetection/Info.plist;
				INFOPLIST_KEY_UIApplicationSupportsIndirectInputEvents = YES;
				INFOPLIST_KEY_UILaunchStoryboardName = LaunchScreen;
				INFOPLIST_KEY_UIMainStoryboardFile = Main;
				INFOPLIST_KEY_UISupportedInterfaceOrientations_iPad = "UIInterfaceOrientationPortrait UIInterfaceOrientationPortraitUpsideDown UIInterfaceOrientationLandscapeLeft UIInterfaceOrientationLandscapeRight";
				INFOPLIST_KEY_UISupportedInterfaceOrientations_iPhone = "UIInterfaceOrientationPortrait UIInterfaceOrientationLandscapeLeft UIInterfaceOrientationLandscapeRight";
				LD_RUNPATH_SEARCH_PATHS = (
					"$(inherited)",
					"@executable_path/Frameworks",
				);
				MARKETING_VERSION = 1.0;
				PRODUCT_BUNDLE_IDENTIFIER = com.hongssup.VisionDetection;
				PRODUCT_NAME = "$(TARGET_NAME)";
				SWIFT_EMIT_LOC_STRINGS = YES;
				SWIFT_VERSION = 5.0;
				TARGETED_DEVICE_FAMILY = "1,2";
			};
			name = Release;
		};
/* End XCBuildConfiguration section */

/* Begin XCConfigurationList section */
		360AE7E3277305C700B7B0AC /* Build configuration list for PBXProject "VisionDetection" */ = {
			isa = XCConfigurationList;
			buildConfigurations = (
				360AE7FD277305CA00B7B0AC /* Debug */,
				360AE7FE277305CA00B7B0AC /* Release */,
			);
			defaultConfigurationIsVisible = 0;
			defaultConfigurationName = Release;
		};
		360AE7FF277305CA00B7B0AC /* Build configuration list for PBXNativeTarget "VisionDetection" */ = {
			isa = XCConfigurationList;
			buildConfigurations = (
				360AE800277305CA00B7B0AC /* Debug */,
				360AE801277305CA00B7B0AC /* Release */,
			);
			defaultConfigurationIsVisible = 0;
			defaultConfigurationName = Release;
		};
/* End XCConfigurationList section */

/* Begin XCVersionGroup section */
		360AE7F4277305C700B7B0AC /* VisionDetection.xcdatamodeld */ = {
			isa = XCVersionGroup;
			children = (
				360AE7F5277305C700B7B0AC /* VisionDetection.xcdatamodel */,
			);
			currentVersion = 360AE7F5277305C700B7B0AC /* VisionDetection.xcdatamodel */;
			path = VisionDetection.xcdatamodeld;
			sourceTree = "<group>";
			versionGroupType = wrapper.xcdatamodel;
		};
/* End XCVersionGroup section */
	};
	rootObject = 360AE7E0277305C700B7B0AC /* Project object */;
}
